
Microsoft Visual Studio Solution File, Format Version 12.00
# Visual Studio Version 17
VisualStudioVersion = 17.14.36408.4 d17.14
MinimumVisualStudioVersion = 10.0.40219.1
Project("{FAE04EC0-301F-11D3-BF4B-00C04F79EFBC}") = "StudentLifeApp_BE", "StudentLifeApp_BE\StudentLifeApp_BE.csproj", "{EE5B83A3-C313-4ECF-AA44-21C28B6F4ACA}"
EndProject
Global
	GlobalSection(SolutionConfigurationPlatforms) = preSolution
		Debug|Any CPU = Debug|Any CPU
		Release|Any CPU = Release|Any CPU
	EndGlobalSection
	GlobalSection(ProjectConfigurationPlatforms) = postSolution
		{EE5B83A3-C313-4ECF-AA44-21C28B6F4ACA}.Debug|Any CPU.ActiveCfg = Debug|Any CPU
		{EE5B83A3-C313-4ECF-AA44-21C28B6F4ACA}.Debug|Any CPU.Build.0 = Debug|Any CPU
		{EE5B83A3-C313-4ECF-AA44-21C28B6F4ACA}.Release|Any CPU.ActiveCfg = Release|Any CPU
		{EE5B83A3-C313-4ECF-AA44-21C28B6F4ACA}.Release|Any CPU.Build.0 = Release|Any CPU
	EndGlobalSection
	GlobalSection(SolutionProperties) = preSolution
		HideSolutionNode = FALSE
	EndGlobalSection
	GlobalSection(ExtensibilityGlobals) = postSolution
		SolutionGuid = {02993051-140C-42A9-AAEB-AF508173177E}
	EndGlobalSection
EndGlobal
